{
  "name": "austin-portfolio",
  "lockfileVersion": 2,
  "requires": true,
  "packages": {
    "": {
      "dependencies": {
        "@types/react-motion": "^0.0.33"
      }
    },
    "node_modules/@types/prop-types": {
      "version": "15.7.5",
      "license": "MIT"
    },
    "node_modules/@types/react": {
      "version": "18.0.21",
      "license": "MIT",
      "dependencies": {
        "@types/prop-types": "*",
        "@types/scheduler": "*",
        "csstype": "^3.0.2"
      }
    },
    "node_modules/@types/react-motion": {
      "version": "0.0.33",
      "resolved": "https://registry.npmjs.org/@types/react-motion/-/react-motion-0.0.33.tgz",
      "integrity": "sha512-R9grd4EwdDBcKKq7Zhszd8ukyy2BLKN6ooNI0V39nUl/sui+m7VI94cdebYemBteoPHmO7J7BZk+cIf+Xnk4TA==",
      "dependencies": {
        "@types/react": "*"
      }
    },
    "node_modules/@types/scheduler": {
      "version": "0.16.2",
      "license": "MIT"
    },
    "node_modules/csstype": {
      "version": "3.1.1",
      "license": "MIT"
    }
  },
  "dependencies": {
    "@types/prop-types": {
      "version": "15.7.5"
    },
    "@types/react": {
      "version": "18.0.21",
      "requires": {
        "@types/prop-types": "*",
        "@types/scheduler": "*",
        "csstype": "^3.0.2"
      }
    },
    "@types/react-motion": {
      "version": "0.0.33",
      "resolved": "https://registry.npmjs.org/@types/react-motion/-/react-motion-0.0.33.tgz",
      "integrity": "sha512-R9grd4EwdDBcKKq7Zhszd8ukyy2BLKN6ooNI0V39nUl/sui+m7VI94cdebYemBteoPHmO7J7BZk+cIf+Xnk4TA==",
      "requires": {
        "@types/react": "*"
      }
    },
    "@types/scheduler": {
      "version": "0.16.2"
    },
    "csstype": {
      "version": "3.1.1"
    }
  }
}
